<?xml version="1.0" encoding="UTF-8"?>
<!DOCTYPE plist PUBLIC "-//Apple//DTD PLIST 1.0//EN" "http://www.apple.com/DTDs/PropertyList-1.0.dtd">
<plist version="1.0">
<dict>
	<key>archiveVersion</key>
	<string>1</string>
	<key>classes</key>
	<dict/>
	<key>objectVersion</key>
	<string>46</string>
	<key>objects</key>
	<dict>
		<key>1B4B524C99244670803B02FC</key>
		<dict>
			<key>explicitFileType</key>
			<string>archive.ar</string>
			<key>includeInIndex</key>
			<string>0</string>
			<key>isa</key>
			<string>PBXFileReference</string>
			<key>path</key>
			<string>libPods.a</string>
			<key>sourceTree</key>
			<string>BUILT_PRODUCTS_DIR</string>
		</dict>
		<key>555E2C7FA5A04A879E44F8BF</key>
		<dict>
			<key>includeInIndex</key>
			<string>1</string>
			<key>isa</key>
			<string>PBXFileReference</string>
			<key>lastKnownFileType</key>
			<string>text.xcconfig</string>
			<key>name</key>
			<string>Pods.xcconfig</string>
			<key>path</key>
			<string>Pods/Pods.xcconfig</string>
			<key>sourceTree</key>
			<string>&lt;group&gt;</string>
		</dict>
		<key>61C1FC4F74FE49889B5258DF</key>
		<dict>
			<key>includeInIndex</key>
			<string>1</string>
			<key>isa</key>
			<string>PBXFileReference</string>
			<key>lastKnownFileType</key>
			<string>text.xcconfig</string>
			<key>name</key>
			<string>Pods-CocoaPodTestLogicTests.xcconfig</string>
			<key>path</key>
			<string>Pods/Pods-CocoaPodTestLogicTests.xcconfig</string>
			<key>sourceTree</key>
			<string>&lt;group&gt;</string>
		</dict>
		<key>6C5CCC27966D4721AE793526</key>
		<dict>
			<key>buildActionMask</key>
			<string>2147483647</string>
			<key>files</key>
			<array/>
			<key>inputPaths</key>
			<array/>
			<key>isa</key>
			<string>PBXShellScriptBuildPhase</string>
			<key>name</key>
			<string>Copy Pods Resources</string>
			<key>outputPaths</key>
			<array/>
			<key>runOnlyForDeploymentPostprocessing</key>
			<string>0</string>
			<key>shellPath</key>
			<string>/bin/sh</string>
			<key>shellScript</key>
			<string>"${SRCROOT}/Pods/Pods-resources.sh"
</string>
			<key>showEnvVarsInLog</key>
			<string>0</string>
		</dict>
		<key>9A7C760FF9064A3BBCD455B7</key>
		<dict>
			<key>fileRef</key>
			<string>1B4B524C99244670803B02FC</string>
			<key>isa</key>
			<string>PBXBuildFile</string>
		</dict>
		<key>A3A2F71E75BF4690AA3D4D9E</key>
		<dict>
			<key>buildActionMask</key>
			<string>2147483647</string>
			<key>files</key>
			<array/>
			<key>inputPaths</key>
			<array/>
			<key>isa</key>
			<string>PBXShellScriptBuildPhase</string>
			<key>name</key>
			<string>Check Pods Manifest.lock</string>
			<key>outputPaths</key>
			<array/>
			<key>runOnlyForDeploymentPostprocessing</key>
			<string>0</string>
			<key>shellPath</key>
			<string>/bin/sh</string>
			<key>shellScript</key>
			<string>diff "${PODS_ROOT}/../Podfile.lock" "${PODS_ROOT}/Manifest.lock" &gt; /dev/null
if [[ $? != 0 ]] ; then
    cat &lt;&lt; EOM
error: The sandbox is not in sync with the Podfile.lock. Run 'pod install' or update your CocoaPods installation.
EOM
    exit 1
fi
</string>
			<key>showEnvVarsInLog</key>
			<string>0</string>
		</dict>
		<key>CD305DCEE6A2479FA5537FAA</key>
		<dict>
			<key>fileRef</key>
			<string>F7FAFEA21B3241CAA53942DE</string>
			<key>isa</key>
			<string>PBXBuildFile</string>
		</dict>
		<key>DB988AE6A4A44B008F66B224</key>
		<dict>
			<key>buildActionMask</key>
			<string>2147483647</string>
			<key>files</key>
			<array/>
			<key>inputPaths</key>
			<array/>
			<key>isa</key>
			<string>PBXShellScriptBuildPhase</string>
			<key>name</key>
			<string>Check Pods Manifest.lock</string>
			<key>outputPaths</key>
			<array/>
			<key>runOnlyForDeploymentPostprocessing</key>
			<string>0</string>
			<key>shellPath</key>
			<string>/bin/sh</string>
			<key>shellScript</key>
			<string>diff "${PODS_ROOT}/../Podfile.lock" "${PODS_ROOT}/Manifest.lock" &gt; /dev/null
if [[ $? != 0 ]] ; then
    cat &lt;&lt; EOM
error: The sandbox is not in sync with the Podfile.lock. Run 'pod install' or update your CocoaPods installation.
EOM
    exit 1
fi
</string>
			<key>showEnvVarsInLog</key>
			<string>0</string>
		</dict>
		<key>DBD82647241D4FAE8B682200</key>
		<dict>
			<key>buildActionMask</key>
			<string>2147483647</string>
			<key>files</key>
			<array/>
			<key>inputPaths</key>
			<array/>
			<key>isa</key>
			<string>PBXShellScriptBuildPhase</string>
			<key>name</key>
			<string>Copy Pods Resources</string>
			<key>outputPaths</key>
			<array/>
			<key>runOnlyForDeploymentPostprocessing</key>
			<string>0</string>
			<key>shellPath</key>
			<string>/bin/sh</string>
			<key>shellScript</key>
			<string>"${SRCROOT}/Pods/Pods-CocoaPodTestLogicTests-resources.sh"
</string>
			<key>showEnvVarsInLog</key>
			<string>0</string>
		</dict>
		<key>DE0932D41818F98C00CF20E9</key>
		<dict>
			<key>children</key>
			<array>
				<string>DE0932E61818F98C00CF20E9</string>
				<string>DE0933051818F98D00CF20E9</string>
				<string>DE09331C1818FE3000CF20E9</string>
				<string>DE0932DF1818F98C00CF20E9</string>
				<string>DE0932DE1818F98C00CF20E9</string>
				<string>555E2C7FA5A04A879E44F8BF</string>
				<string>61C1FC4F74FE49889B5258DF</string>
			</array>
			<key>isa</key>
			<string>PBXGroup</string>
			<key>sourceTree</key>
			<string>&lt;group&gt;</string>
		</dict>
		<key>DE0932D51818F98C00CF20E9</key>
		<dict>
			<key>attributes</key>
			<dict>
				<key>LastUpgradeCheck</key>
				<string>0500</string>
				<key>ORGANIZATIONNAME</key>
				<string>sumantar</string>
				<key>TargetAttributes</key>
				<dict>
					<key>DE0932FD1818F98C00CF20E9</key>
					<dict>
						<key>TestTargetID</key>
						<string>DE0932DC1818F98C00CF20E9</string>
					</dict>
					<key>DE0933181818FE3000CF20E9</key>
					<dict>
						<key>TestTargetID</key>
						<string>DE0932DC1818F98C00CF20E9</string>
					</dict>
				</dict>
			</dict>
			<key>buildConfigurationList</key>
			<string>DE0932D81818F98C00CF20E9</string>
			<key>compatibilityVersion</key>
			<string>Xcode 3.2</string>
			<key>developmentRegion</key>
			<string>English</string>
			<key>hasScannedForEncodings</key>
			<string>0</string>
			<key>isa</key>
			<string>PBXProject</string>
			<key>knownRegions</key>
			<array>
				<string>en</string>
				<string>Base</string>
			</array>
			<key>mainGroup</key>
			<string>DE0932D41818F98C00CF20E9</string>
			<key>productRefGroup</key>
			<string>DE0932DE1818F98C00CF20E9</string>
			<key>projectDirPath</key>
			<string></string>
			<key>projectReferences</key>
			<array/>
			<key>projectRoot</key>
			<string></string>
			<key>targets</key>
			<array>
				<string>DE0932DC1818F98C00CF20E9</string>
				<string>DE0932FD1818F98C00CF20E9</string>
				<string>DE0933181818FE3000CF20E9</string>
			</array>
		</dict>
		<key>DE0932D81818F98C00CF20E9</key>
		<dict>
			<key>buildConfigurations</key>
			<array>
				<string>DE09330D1818F98D00CF20E9</string>
				<string>DE09330E1818F98D00CF20E9</string>
			</array>
			<key>defaultConfigurationIsVisible</key>
			<string>0</string>
			<key>defaultConfigurationName</key>
			<string>Release</string>
			<key>isa</key>
			<string>XCConfigurationList</string>
		</dict>
		<key>DE0932D91818F98C00CF20E9</key>
		<dict>
			<key>buildActionMask</key>
			<string>2147483647</string>
			<key>files</key>
			<array>
				<string>DE0932F71818F98C00CF20E9</string>
				<string>DE0932F11818F98C00CF20E9</string>
				<string>DE0932ED1818F98C00CF20E9</string>
			</array>
			<key>isa</key>
			<string>PBXSourcesBuildPhase</string>
			<key>runOnlyForDeploymentPostprocessing</key>
			<string>0</string>
		</dict>
		<key>DE0932DA1818F98C00CF20E9</key>
		<dict>
			<key>buildActionMask</key>
			<string>2147483647</string>
			<key>files</key>
			<array>
				<string>DE0932E31818F98C00CF20E9</string>
				<string>DE0932E51818F98C00CF20E9</string>
				<string>DE0932E11818F98C00CF20E9</string>
				<string>9A7C760FF9064A3BBCD455B7</string>
			</array>
			<key>isa</key>
			<string>PBXFrameworksBuildPhase</string>
			<key>runOnlyForDeploymentPostprocessing</key>
			<string>0</string>
		</dict>
		<key>DE0932DB1818F98C00CF20E9</key>
		<dict>
			<key>buildActionMask</key>
			<string>2147483647</string>
			<key>files</key>
			<array>
				<string>DE0932F91818F98C00CF20E9</string>
				<string>DE0932EB1818F98C00CF20E9</string>
				<string>DE0932F41818F98C00CF20E9</string>
			</array>
			<key>isa</key>
			<string>PBXResourcesBuildPhase</string>
			<key>runOnlyForDeploymentPostprocessing</key>
			<string>0</string>
		</dict>
		<key>DE0932DC1818F98C00CF20E9</key>
		<dict>
			<key>buildConfigurationList</key>
			<string>DE09330F1818F98D00CF20E9</string>
			<key>buildPhases</key>
			<array>
				<string>DB988AE6A4A44B008F66B224</string>
				<string>DE0932D91818F98C00CF20E9</string>
				<string>DE0932DA1818F98C00CF20E9</string>
				<string>DE0932DB1818F98C00CF20E9</string>
				<string>6C5CCC27966D4721AE793526</string>
			</array>
			<key>buildRules</key>
			<array/>
			<key>dependencies</key>
			<array/>
			<key>isa</key>
			<string>PBXNativeTarget</string>
			<key>name</key>
			<string>CocoaPodTest</string>
			<key>productName</key>
			<string>CocoaPodTest</string>
			<key>productReference</key>
			<string>DE0932DD1818F98C00CF20E9</string>
			<key>productType</key>
			<string>com.apple.product-type.application</string>
		</dict>
		<key>DE0932DD1818F98C00CF20E9</key>
		<dict>
			<key>explicitFileType</key>
			<string>wrapper.application</string>
			<key>includeInIndex</key>
			<string>0</string>
			<key>isa</key>
			<string>PBXFileReference</string>
			<key>path</key>
			<string>CocoaPodTest.app</string>
			<key>sourceTree</key>
			<string>BUILT_PRODUCTS_DIR</string>
		</dict>
		<key>DE0932DE1818F98C00CF20E9</key>
		<dict>
			<key>children</key>
			<array>
				<string>DE0932DD1818F98C00CF20E9</string>
				<string>DE0932FE1818F98D00CF20E9</string>
				<string>DE0933191818FE3000CF20E9</string>
			</array>
			<key>isa</key>
			<string>PBXGroup</string>
			<key>name</key>
			<string>Products</string>
			<key>sourceTree</key>
			<string>&lt;group&gt;</string>
		</dict>
		<key>DE0932DF1818F98C00CF20E9</key>
		<dict>
			<key>children</key>
			<array>
				<string>DE0932E01818F98C00CF20E9</string>
				<string>DE0932E21818F98C00CF20E9</string>
				<string>DE0932E41818F98C00CF20E9</string>
				<string>DE0932FF1818F98D00CF20E9</string>
				<string>1B4B524C99244670803B02FC</string>
				<string>DE09331A1818FE3000CF20E9</string>
				<string>F7FAFEA21B3241CAA53942DE</string>
			</array>
			<key>isa</key>
			<string>PBXGroup</string>
			<key>name</key>
			<string>Frameworks</string>
			<key>sourceTree</key>
			<string>&lt;group&gt;</string>
		</dict>
		<key>DE0932E01818F98C00CF20E9</key>
		<dict>
			<key>isa</key>
			<string>PBXFileReference</string>
			<key>lastKnownFileType</key>
			<string>wrapper.framework</string>
			<key>name</key>
			<string>Foundation.framework</string>
			<key>path</key>
			<string>System/Library/Frameworks/Foundation.framework</string>
			<key>sourceTree</key>
			<string>SDKROOT</string>
		</dict>
		<key>DE0932E11818F98C00CF20E9</key>
		<dict>
			<key>fileRef</key>
			<string>DE0932E01818F98C00CF20E9</string>
			<key>isa</key>
			<string>PBXBuildFile</string>
		</dict>
		<key>DE0932E21818F98C00CF20E9</key>
		<dict>
			<key>isa</key>
			<string>PBXFileReference</string>
			<key>lastKnownFileType</key>
			<string>wrapper.framework</string>
			<key>name</key>
			<string>CoreGraphics.framework</string>
			<key>path</key>
			<string>System/Library/Frameworks/CoreGraphics.framework</string>
			<key>sourceTree</key>
			<string>SDKROOT</string>
		</dict>
		<key>DE0932E31818F98C00CF20E9</key>
		<dict>
			<key>fileRef</key>
			<string>DE0932E21818F98C00CF20E9</string>
			<key>isa</key>
			<string>PBXBuildFile</string>
		</dict>
		<key>DE0932E41818F98C00CF20E9</key>
		<dict>
			<key>isa</key>
			<string>PBXFileReference</string>
			<key>lastKnownFileType</key>
			<string>wrapper.framework</string>
			<key>name</key>
			<string>UIKit.framework</string>
			<key>path</key>
			<string>System/Library/Frameworks/UIKit.framework</string>
			<key>sourceTree</key>
			<string>SDKROOT</string>
		</dict>
		<key>DE0932E51818F98C00CF20E9</key>
		<dict>
			<key>fileRef</key>
			<string>DE0932E41818F98C00CF20E9</string>
			<key>isa</key>
			<string>PBXBuildFile</string>
		</dict>
		<key>DE0932E61818F98C00CF20E9</key>
		<dict>
			<key>children</key>
			<array>
				<string>DE0932EF1818F98C00CF20E9</string>
				<string>DE0932F01818F98C00CF20E9</string>
				<string>DE0932F21818F98C00CF20E9</string>
				<string>DE0932F51818F98C00CF20E9</string>
				<string>DE0932F61818F98C00CF20E9</string>
				<string>DE0932F81818F98C00CF20E9</string>
				<string>DE0932E71818F98C00CF20E9</string>
			</array>
			<key>isa</key>
			<string>PBXGroup</string>
			<key>path</key>
			<string>CocoaPodTest</string>
			<key>sourceTree</key>
			<string>&lt;group&gt;</string>
		</dict>
		<key>DE0932E71818F98C00CF20E9</key>
		<dict>
			<key>children</key>
			<array>
				<string>DE0932E81818F98C00CF20E9</string>
				<string>DE0932E91818F98C00CF20E9</string>
				<string>DE0932EC1818F98C00CF20E9</string>
				<string>DE0932EE1818F98C00CF20E9</string>
			</array>
			<key>isa</key>
			<string>PBXGroup</string>
			<key>name</key>
			<string>Supporting Files</string>
			<key>sourceTree</key>
			<string>&lt;group&gt;</string>
		</dict>
		<key>DE0932E81818F98C00CF20E9</key>
		<dict>
			<key>isa</key>
			<string>PBXFileReference</string>
			<key>lastKnownFileType</key>
			<string>text.plist.xml</string>
			<key>path</key>
			<string>CocoaPodTest-Info.plist</string>
			<key>sourceTree</key>
			<string>&lt;group&gt;</string>
		</dict>
		<key>DE0932E91818F98C00CF20E9</key>
		<dict>
			<key>children</key>
			<array>
				<string>DE0932EA1818F98C00CF20E9</string>
			</array>
			<key>isa</key>
			<string>PBXVariantGroup</string>
			<key>name</key>
			<string>InfoPlist.strings</string>
			<key>sourceTree</key>
			<string>&lt;group&gt;</string>
		</dict>
		<key>DE0932EA1818F98C00CF20E9</key>
		<dict>
			<key>isa</key>
			<string>PBXFileReference</string>
			<key>lastKnownFileType</key>
			<string>text.plist.strings</string>
			<key>name</key>
			<string>en</string>
			<key>path</key>
			<string>en.lproj/InfoPlist.strings</string>
			<key>sourceTree</key>
			<string>&lt;group&gt;</string>
		</dict>
		<key>DE0932EB1818F98C00CF20E9</key>
		<dict>
			<key>fileRef</key>
			<string>DE0932E91818F98C00CF20E9</string>
			<key>isa</key>
			<string>PBXBuildFile</string>
		</dict>
		<key>DE0932EC1818F98C00CF20E9</key>
		<dict>
			<key>isa</key>
			<string>PBXFileReference</string>
			<key>lastKnownFileType</key>
			<string>sourcecode.c.objc</string>
			<key>path</key>
			<string>main.m</string>
			<key>sourceTree</key>
			<string>&lt;group&gt;</string>
		</dict>
		<key>DE0932ED1818F98C00CF20E9</key>
		<dict>
			<key>fileRef</key>
			<string>DE0932EC1818F98C00CF20E9</string>
			<key>isa</key>
			<string>PBXBuildFile</string>
		</dict>
		<key>DE0932EE1818F98C00CF20E9</key>
		<dict>
			<key>isa</key>
			<string>PBXFileReference</string>
			<key>lastKnownFileType</key>
			<string>sourcecode.c.h</string>
			<key>path</key>
			<string>CocoaPodTest-Prefix.pch</string>
			<key>sourceTree</key>
			<string>&lt;group&gt;</string>
		</dict>
		<key>DE0932EF1818F98C00CF20E9</key>
		<dict>
			<key>isa</key>
			<string>PBXFileReference</string>
			<key>lastKnownFileType</key>
			<string>sourcecode.c.h</string>
			<key>path</key>
			<string>AppDelegate.h</string>
			<key>sourceTree</key>
			<string>&lt;group&gt;</string>
		</dict>
		<key>DE0932F01818F98C00CF20E9</key>
		<dict>
			<key>isa</key>
			<string>PBXFileReference</string>
			<key>lastKnownFileType</key>
			<string>sourcecode.c.objc</string>
			<key>path</key>
			<string>AppDelegate.m</string>
			<key>sourceTree</key>
			<string>&lt;group&gt;</string>
		</dict>
		<key>DE0932F11818F98C00CF20E9</key>
		<dict>
			<key>fileRef</key>
			<string>DE0932F01818F98C00CF20E9</string>
			<key>isa</key>
			<string>PBXBuildFile</string>
		</dict>
		<key>DE0932F21818F98C00CF20E9</key>
		<dict>
			<key>children</key>
			<array>
				<string>DE0932F31818F98C00CF20E9</string>
			</array>
			<key>isa</key>
			<string>PBXVariantGroup</string>
			<key>name</key>
			<string>Main.storyboard</string>
			<key>sourceTree</key>
			<string>&lt;group&gt;</string>
		</dict>
		<key>DE0932F31818F98C00CF20E9</key>
		<dict>
			<key>isa</key>
			<string>PBXFileReference</string>
			<key>lastKnownFileType</key>
			<string>file.storyboard</string>
			<key>name</key>
			<string>Base</string>
			<key>path</key>
			<string>Base.lproj/Main.storyboard</string>
			<key>sourceTree</key>
			<string>&lt;group&gt;</string>
		</dict>
		<key>DE0932F41818F98C00CF20E9</key>
		<dict>
			<key>fileRef</key>
			<string>DE0932F21818F98C00CF20E9</string>
			<key>isa</key>
			<string>PBXBuildFile</string>
		</dict>
		<key>DE0932F51818F98C00CF20E9</key>
		<dict>
			<key>isa</key>
			<string>PBXFileReference</string>
			<key>lastKnownFileType</key>
			<string>sourcecode.c.h</string>
			<key>path</key>
			<string>ViewController.h</string>
			<key>sourceTree</key>
			<string>&lt;group&gt;</string>
		</dict>
		<key>DE0932F61818F98C00CF20E9</key>
		<dict>
			<key>isa</key>
			<string>PBXFileReference</string>
			<key>lastKnownFileType</key>
			<string>sourcecode.c.objc</string>
			<key>path</key>
			<string>ViewController.m</string>
			<key>sourceTree</key>
			<string>&lt;group&gt;</string>
		</dict>
		<key>DE0932F71818F98C00CF20E9</key>
		<dict>
			<key>fileRef</key>
			<string>DE0932F61818F98C00CF20E9</string>
			<key>isa</key>
			<string>PBXBuildFile</string>
		</dict>
		<key>DE0932F81818F98C00CF20E9</key>
		<dict>
			<key>isa</key>
			<string>PBXFileReference</string>
			<key>lastKnownFileType</key>
			<string>folder.assetcatalog</string>
			<key>path</key>
			<string>Images.xcassets</string>
			<key>sourceTree</key>
			<string>&lt;group&gt;</string>
		</dict>
		<key>DE0932F91818F98C00CF20E9</key>
		<dict>
			<key>fileRef</key>
			<string>DE0932F81818F98C00CF20E9</string>
			<key>isa</key>
			<string>PBXBuildFile</string>
		</dict>
		<key>DE0932FA1818F98C00CF20E9</key>
		<dict>
			<key>buildActionMask</key>
			<string>2147483647</string>
			<key>files</key>
			<array>
				<string>DE09330C1818F98D00CF20E9</string>
			</array>
			<key>isa</key>
			<string>PBXSourcesBuildPhase</string>
			<key>runOnlyForDeploymentPostprocessing</key>
			<string>0</string>
		</dict>
		<key>DE0932FB1818F98C00CF20E9</key>
		<dict>
			<key>buildActionMask</key>
			<string>2147483647</string>
			<key>files</key>
			<array>
				<string>DE0933001818F98D00CF20E9</string>
				<string>DE0933021818F98D00CF20E9</string>
				<string>DE0933011818F98D00CF20E9</string>
			</array>
			<key>isa</key>
			<string>PBXFrameworksBuildPhase</string>
			<key>runOnlyForDeploymentPostprocessing</key>
			<string>0</string>
		</dict>
		<key>DE0932FC1818F98C00CF20E9</key>
		<dict>
			<key>buildActionMask</key>
			<string>2147483647</string>
			<key>files</key>
			<array>
				<string>DE09330A1818F98D00CF20E9</string>
			</array>
			<key>isa</key>
			<string>PBXResourcesBuildPhase</string>
			<key>runOnlyForDeploymentPostprocessing</key>
			<string>0</string>
		</dict>
		<key>DE0932FD1818F98C00CF20E9</key>
		<dict>
			<key>buildConfigurationList</key>
			<string>DE0933121818F98D00CF20E9</string>
			<key>buildPhases</key>
			<array>
				<string>DE0932FA1818F98C00CF20E9</string>
				<string>DE0932FB1818F98C00CF20E9</string>
				<string>DE0932FC1818F98C00CF20E9</string>
			</array>
			<key>buildRules</key>
			<array/>
			<key>dependencies</key>
			<array>
				<string>DE0933041818F98D00CF20E9</string>
			</array>
			<key>isa</key>
			<string>PBXNativeTarget</string>
			<key>name</key>
			<string>CocoaPodTestTests</string>
			<key>productName</key>
			<string>CocoaPodTestTests</string>
			<key>productReference</key>
			<string>DE0932FE1818F98D00CF20E9</string>
			<key>productType</key>
			<string>com.apple.product-type.bundle.unit-test</string>
		</dict>
		<key>DE0932FE1818F98D00CF20E9</key>
		<dict>
			<key>explicitFileType</key>
			<string>wrapper.cfbundle</string>
			<key>includeInIndex</key>
			<string>0</string>
			<key>isa</key>
			<string>PBXFileReference</string>
			<key>path</key>
			<string>CocoaPodTestTests.xctest</string>
			<key>sourceTree</key>
			<string>BUILT_PRODUCTS_DIR</string>
		</dict>
		<key>DE0932FF1818F98D00CF20E9</key>
		<dict>
			<key>isa</key>
			<string>PBXFileReference</string>
			<key>lastKnownFileType</key>
			<string>wrapper.framework</string>
			<key>name</key>
			<string>XCTest.framework</string>
			<key>path</key>
			<string>Library/Frameworks/XCTest.framework</string>
			<key>sourceTree</key>
			<string>DEVELOPER_DIR</string>
		</dict>
		<key>DE0933001818F98D00CF20E9</key>
		<dict>
			<key>fileRef</key>
			<string>DE0932FF1818F98D00CF20E9</string>
			<key>isa</key>
			<string>PBXBuildFile</string>
		</dict>
		<key>DE0933011818F98D00CF20E9</key>
		<dict>
			<key>fileRef</key>
			<string>DE0932E01818F98C00CF20E9</string>
			<key>isa</key>
			<string>PBXBuildFile</string>
		</dict>
		<key>DE0933021818F98D00CF20E9</key>
		<dict>
			<key>fileRef</key>
			<string>DE0932E41818F98C00CF20E9</string>
			<key>isa</key>
			<string>PBXBuildFile</string>
		</dict>
		<key>DE0933031818F98D00CF20E9</key>
		<dict>
			<key>containerPortal</key>
			<string>DE0932D51818F98C00CF20E9</string>
			<key>isa</key>
			<string>PBXContainerItemProxy</string>
			<key>proxyType</key>
			<string>1</string>
			<key>remoteGlobalIDString</key>
			<string>DE0932DC1818F98C00CF20E9</string>
			<key>remoteInfo</key>
			<string>CocoaPodTest</string>
		</dict>
		<key>DE0933041818F98D00CF20E9</key>
		<dict>
			<key>isa</key>
			<string>PBXTargetDependency</string>
			<key>target</key>
			<string>DE0932DC1818F98C00CF20E9</string>
			<key>targetProxy</key>
			<string>DE0933031818F98D00CF20E9</string>
		</dict>
		<key>DE0933051818F98D00CF20E9</key>
		<dict>
			<key>children</key>
			<array>
				<string>DE09330B1818F98D00CF20E9</string>
				<string>DE0933061818F98D00CF20E9</string>
			</array>
			<key>isa</key>
			<string>PBXGroup</string>
			<key>path</key>
			<string>CocoaPodTestTests</string>
			<key>sourceTree</key>
			<string>&lt;group&gt;</string>
		</dict>
		<key>DE0933061818F98D00CF20E9</key>
		<dict>
			<key>children</key>
			<array>
				<string>DE0933071818F98D00CF20E9</string>
				<string>DE0933081818F98D00CF20E9</string>
			</array>
			<key>isa</key>
			<string>PBXGroup</string>
			<key>name</key>
			<string>Supporting Files</string>
			<key>sourceTree</key>
			<string>&lt;group&gt;</string>
		</dict>
		<key>DE0933071818F98D00CF20E9</key>
		<dict>
			<key>isa</key>
			<string>PBXFileReference</string>
			<key>lastKnownFileType</key>
			<string>text.plist.xml</string>
			<key>path</key>
			<string>CocoaPodTestTests-Info.plist</string>
			<key>sourceTree</key>
			<string>&lt;group&gt;</string>
		</dict>
		<key>DE0933081818F98D00CF20E9</key>
		<dict>
			<key>children</key>
			<array>
				<string>DE0933091818F98D00CF20E9</string>
			</array>
			<key>isa</key>
			<string>PBXVariantGroup</string>
			<key>name</key>
			<string>InfoPlist.strings</string>
			<key>sourceTree</key>
			<string>&lt;group&gt;</string>
		</dict>
		<key>DE0933091818F98D00CF20E9</key>
		<dict>
			<key>isa</key>
			<string>PBXFileReference</string>
			<key>lastKnownFileType</key>
			<string>text.plist.strings</string>
			<key>name</key>
			<string>en</string>
			<key>path</key>
			<string>en.lproj/InfoPlist.strings</string>
			<key>sourceTree</key>
			<string>&lt;group&gt;</string>
		</dict>
		<key>DE09330A1818F98D00CF20E9</key>
		<dict>
			<key>fileRef</key>
			<string>DE0933081818F98D00CF20E9</string>
			<key>isa</key>
			<string>PBXBuildFile</string>
		</dict>
		<key>DE09330B1818F98D00CF20E9</key>
		<dict>
			<key>isa</key>
			<string>PBXFileReference</string>
			<key>lastKnownFileType</key>
			<string>sourcecode.c.objc</string>
			<key>path</key>
			<string>CocoaPodTestTests.m</string>
			<key>sourceTree</key>
			<string>&lt;group&gt;</string>
		</dict>
		<key>DE09330C1818F98D00CF20E9</key>
		<dict>
			<key>fileRef</key>
			<string>DE09330B1818F98D00CF20E9</string>
			<key>isa</key>
			<string>PBXBuildFile</string>
		</dict>
		<key>DE09330D1818F98D00CF20E9</key>
		<dict>
			<key>buildSettings</key>
			<dict>
				<key>ALWAYS_SEARCH_USER_PATHS</key>
				<string>NO</string>
				<key>ARCHS</key>
				<string>$(ARCHS_STANDARD_INCLUDING_64_BIT)</string>
				<key>CLANG_CXX_LANGUAGE_STANDARD</key>
				<string>gnu++0x</string>
				<key>CLANG_CXX_LIBRARY</key>
				<string>libc++</string>
				<key>CLANG_ENABLE_MODULES</key>
				<string>YES</string>
				<key>CLANG_ENABLE_OBJC_ARC</key>
				<string>YES</string>
				<key>CLANG_WARN_BOOL_CONVERSION</key>
				<string>YES</string>
				<key>CLANG_WARN_CONSTANT_CONVERSION</key>
				<string>YES</string>
				<key>CLANG_WARN_DIRECT_OBJC_ISA_USAGE</key>
				<string>YES_ERROR</string>
				<key>CLANG_WARN_EMPTY_BODY</key>
				<string>YES</string>
				<key>CLANG_WARN_ENUM_CONVERSION</key>
				<string>YES</string>
				<key>CLANG_WARN_INT_CONVERSION</key>
				<string>YES</string>
				<key>CLANG_WARN_OBJC_ROOT_CLASS</key>
				<string>YES_ERROR</string>
				<key>CLANG_WARN__DUPLICATE_METHOD_MATCH</key>
				<string>YES</string>
				<key>CODE_SIGN_IDENTITY[sdk=iphoneos*]</key>
				<string>iPhone Developer</string>
				<key>COPY_PHASE_STRIP</key>
				<string>NO</string>
				<key>GCC_C_LANGUAGE_STANDARD</key>
				<string>gnu99</string>
				<key>GCC_DYNAMIC_NO_PIC</key>
				<string>NO</string>
				<key>GCC_OPTIMIZATION_LEVEL</key>
				<string>0</string>
				<key>GCC_PREPROCESSOR_DEFINITIONS</key>
				<array>
					<string>DEBUG=1</string>
					<string>$(inherited)</string>
				</array>
				<key>GCC_SYMBOLS_PRIVATE_EXTERN</key>
				<string>NO</string>
				<key>GCC_WARN_64_TO_32_BIT_CONVERSION</key>
				<string>YES</string>
				<key>GCC_WARN_ABOUT_RETURN_TYPE</key>
				<string>YES_ERROR</string>
				<key>GCC_WARN_UNDECLARED_SELECTOR</key>
				<string>YES</string>
				<key>GCC_WARN_UNINITIALIZED_AUTOS</key>
				<string>YES</string>
				<key>GCC_WARN_UNUSED_FUNCTION</key>
				<string>YES</string>
				<key>GCC_WARN_UNUSED_VARIABLE</key>
				<string>YES</string>
				<key>IPHONEOS_DEPLOYMENT_TARGET</key>
				<string>7.0</string>
				<key>ONLY_ACTIVE_ARCH</key>
				<string>YES</string>
				<key>SDKROOT</key>
				<string>iphoneos</string>
			</dict>
			<key>isa</key>
			<string>XCBuildConfiguration</string>
			<key>name</key>
			<string>Debug</string>
		</dict>
		<key>DE09330E1818F98D00CF20E9</key>
		<dict>
			<key>buildSettings</key>
			<dict>
				<key>ALWAYS_SEARCH_USER_PATHS</key>
				<string>NO</string>
				<key>ARCHS</key>
				<string>$(ARCHS_STANDARD_INCLUDING_64_BIT)</string>
				<key>CLANG_CXX_LANGUAGE_STANDARD</key>
				<string>gnu++0x</string>
				<key>CLANG_CXX_LIBRARY</key>
				<string>libc++</string>
				<key>CLANG_ENABLE_MODULES</key>
				<string>YES</string>
				<key>CLANG_ENABLE_OBJC_ARC</key>
				<string>YES</string>
				<key>CLANG_WARN_BOOL_CONVERSION</key>
				<string>YES</string>
				<key>CLANG_WARN_CONSTANT_CONVERSION</key>
				<string>YES</string>
				<key>CLANG_WARN_DIRECT_OBJC_ISA_USAGE</key>
				<string>YES_ERROR</string>
				<key>CLANG_WARN_EMPTY_BODY</key>
				<string>YES</string>
				<key>CLANG_WARN_ENUM_CONVERSION</key>
				<string>YES</string>
				<key>CLANG_WARN_INT_CONVERSION</key>
				<string>YES</string>
				<key>CLANG_WARN_OBJC_ROOT_CLASS</key>
				<string>YES_ERROR</string>
				<key>CLANG_WARN__DUPLICATE_METHOD_MATCH</key>
				<string>YES</string>
				<key>CODE_SIGN_IDENTITY[sdk=iphoneos*]</key>
				<string>iPhone Developer</string>
				<key>COPY_PHASE_STRIP</key>
				<string>YES</string>
				<key>ENABLE_NS_ASSERTIONS</key>
				<string>NO</string>
				<key>GCC_C_LANGUAGE_STANDARD</key>
				<string>gnu99</string>
				<key>GCC_WARN_64_TO_32_BIT_CONVERSION</key>
				<string>YES</string>
				<key>GCC_WARN_ABOUT_RETURN_TYPE</key>
				<string>YES_ERROR</string>
				<key>GCC_WARN_UNDECLARED_SELECTOR</key>
				<string>YES</string>
				<key>GCC_WARN_UNINITIALIZED_AUTOS</key>
				<string>YES</string>
				<key>GCC_WARN_UNUSED_FUNCTION</key>
				<string>YES</string>
				<key>GCC_WARN_UNUSED_VARIABLE</key>
				<string>YES</string>
				<key>IPHONEOS_DEPLOYMENT_TARGET</key>
				<string>7.0</string>
				<key>SDKROOT</key>
				<string>iphoneos</string>
				<key>VALIDATE_PRODUCT</key>
				<string>YES</string>
			</dict>
			<key>isa</key>
			<string>XCBuildConfiguration</string>
			<key>name</key>
			<string>Release</string>
		</dict>
		<key>DE09330F1818F98D00CF20E9</key>
		<dict>
			<key>buildConfigurations</key>
			<array>
				<string>DE0933101818F98D00CF20E9</string>
				<string>DE0933111818F98D00CF20E9</string>
			</array>
			<key>defaultConfigurationIsVisible</key>
			<string>0</string>
			<key>defaultConfigurationName</key>
			<string>Release</string>
			<key>isa</key>
			<string>XCConfigurationList</string>
		</dict>
		<key>DE0933101818F98D00CF20E9</key>
		<dict>
			<key>baseConfigurationReference</key>
			<string>555E2C7FA5A04A879E44F8BF</string>
			<key>buildSettings</key>
			<dict>
				<key>ASSETCATALOG_COMPILER_APPICON_NAME</key>
				<string>AppIcon</string>
				<key>ASSETCATALOG_COMPILER_LAUNCHIMAGE_NAME</key>
				<string>LaunchImage</string>
				<key>GCC_PRECOMPILE_PREFIX_HEADER</key>
				<string>YES</string>
				<key>GCC_PREFIX_HEADER</key>
				<string>CocoaPodTest/CocoaPodTest-Prefix.pch</string>
				<key>INFOPLIST_FILE</key>
				<string>CocoaPodTest/CocoaPodTest-Info.plist</string>
				<key>PRODUCT_NAME</key>
				<string>$(TARGET_NAME)</string>
				<key>WRAPPER_EXTENSION</key>
				<string>app</string>
			</dict>
			<key>isa</key>
			<string>XCBuildConfiguration</string>
			<key>name</key>
			<string>Debug</string>
		</dict>
		<key>DE0933111818F98D00CF20E9</key>
		<dict>
			<key>baseConfigurationReference</key>
			<string>555E2C7FA5A04A879E44F8BF</string>
			<key>buildSettings</key>
			<dict>
				<key>ASSETCATALOG_COMPILER_APPICON_NAME</key>
				<string>AppIcon</string>
				<key>ASSETCATALOG_COMPILER_LAUNCHIMAGE_NAME</key>
				<string>LaunchImage</string>
				<key>GCC_PRECOMPILE_PREFIX_HEADER</key>
				<string>YES</string>
				<key>GCC_PREFIX_HEADER</key>
				<string>CocoaPodTest/CocoaPodTest-Prefix.pch</string>
				<key>INFOPLIST_FILE</key>
				<string>CocoaPodTest/CocoaPodTest-Info.plist</string>
				<key>PRODUCT_NAME</key>
				<string>$(TARGET_NAME)</string>
				<key>WRAPPER_EXTENSION</key>
				<string>app</string>
			</dict>
			<key>isa</key>
			<string>XCBuildConfiguration</string>
			<key>name</key>
			<string>Release</string>
		</dict>
		<key>DE0933121818F98D00CF20E9</key>
		<dict>
			<key>buildConfigurations</key>
			<array>
				<string>DE0933131818F98D00CF20E9</string>
				<string>DE0933141818F98D00CF20E9</string>
			</array>
			<key>defaultConfigurationIsVisible</key>
			<string>0</string>
			<key>defaultConfigurationName</key>
			<string>Release</string>
			<key>isa</key>
			<string>XCConfigurationList</string>
		</dict>
		<key>DE0933131818F98D00CF20E9</key>
		<dict>
			<key>buildSettings</key>
			<dict>
				<key>ARCHS</key>
				<string>$(ARCHS_STANDARD_INCLUDING_64_BIT)</string>
				<key>BUNDLE_LOADER</key>
				<string>$(BUILT_PRODUCTS_DIR)/CocoaPodTest.app/CocoaPodTest</string>
				<key>FRAMEWORK_SEARCH_PATHS</key>
				<array>
					<string>$(SDKROOT)/Developer/Library/Frameworks</string>
					<string>$(inherited)</string>
					<string>$(DEVELOPER_FRAMEWORKS_DIR)</string>
				</array>
				<key>GCC_PRECOMPILE_PREFIX_HEADER</key>
				<string>YES</string>
				<key>GCC_PREFIX_HEADER</key>
				<string>CocoaPodTest/CocoaPodTest-Prefix.pch</string>
				<key>GCC_PREPROCESSOR_DEFINITIONS</key>
				<array>
					<string>DEBUG=1</string>
					<string>$(inherited)</string>
				</array>
				<key>INFOPLIST_FILE</key>
				<string>CocoaPodTestTests/CocoaPodTestTests-Info.plist</string>
				<key>PRODUCT_NAME</key>
				<string>$(TARGET_NAME)</string>
				<key>TEST_HOST</key>
				<string>$(BUNDLE_LOADER)</string>
				<key>WRAPPER_EXTENSION</key>
				<string>xctest</string>
			</dict>
			<key>isa</key>
			<string>XCBuildConfiguration</string>
			<key>name</key>
			<string>Debug</string>
		</dict>
		<key>DE0933141818F98D00CF20E9</key>
		<dict>
			<key>buildSettings</key>
			<dict>
				<key>ARCHS</key>
				<string>$(ARCHS_STANDARD_INCLUDING_64_BIT)</string>
				<key>BUNDLE_LOADER</key>
				<string>$(BUILT_PRODUCTS_DIR)/CocoaPodTest.app/CocoaPodTest</string>
				<key>FRAMEWORK_SEARCH_PATHS</key>
				<array>
					<string>$(SDKROOT)/Developer/Library/Frameworks</string>
					<string>$(inherited)</string>
					<string>$(DEVELOPER_FRAMEWORKS_DIR)</string>
				</array>
				<key>GCC_PRECOMPILE_PREFIX_HEADER</key>
				<string>YES</string>
				<key>GCC_PREFIX_HEADER</key>
				<string>CocoaPodTest/CocoaPodTest-Prefix.pch</string>
				<key>INFOPLIST_FILE</key>
				<string>CocoaPodTestTests/CocoaPodTestTests-Info.plist</string>
				<key>PRODUCT_NAME</key>
				<string>$(TARGET_NAME)</string>
				<key>TEST_HOST</key>
				<string>$(BUNDLE_LOADER)</string>
				<key>WRAPPER_EXTENSION</key>
				<string>xctest</string>
			</dict>
			<key>isa</key>
			<string>XCBuildConfiguration</string>
			<key>name</key>
			<string>Release</string>
		</dict>
		<key>DE0933151818FE3000CF20E9</key>
		<dict>
			<key>buildActionMask</key>
			<string>2147483647</string>
			<key>files</key>
			<array>
				<string>DE0933231818FE3000CF20E9</string>
			</array>
			<key>isa</key>
			<string>PBXSourcesBuildPhase</string>
			<key>runOnlyForDeploymentPostprocessing</key>
			<string>0</string>
		</dict>
		<key>DE0933161818FE3000CF20E9</key>
		<dict>
			<key>buildActionMask</key>
			<string>2147483647</string>
			<key>files</key>
			<array>
				<string>DE09331B1818FE3000CF20E9</string>
				<string>CD305DCEE6A2479FA5537FAA</string>
			</array>
			<key>isa</key>
			<string>PBXFrameworksBuildPhase</string>
			<key>runOnlyForDeploymentPostprocessing</key>
			<string>0</string>
		</dict>
		<key>DE0933171818FE3000CF20E9</key>
		<dict>
			<key>buildActionMask</key>
			<string>2147483647</string>
			<key>files</key>
			<array>
				<string>DE0933211818FE3000CF20E9</string>
			</array>
			<key>isa</key>
			<string>PBXResourcesBuildPhase</string>
			<key>runOnlyForDeploymentPostprocessing</key>
			<string>0</string>
		</dict>
		<key>DE0933181818FE3000CF20E9</key>
		<dict>
			<key>buildConfigurationList</key>
			<string>DE0933291818FE3000CF20E9</string>
			<key>buildPhases</key>
			<array>
				<string>A3A2F71E75BF4690AA3D4D9E</string>
				<string>DE0933151818FE3000CF20E9</string>
				<string>DE0933161818FE3000CF20E9</string>
				<string>DE0933171818FE3000CF20E9</string>
				<string>DBD82647241D4FAE8B682200</string>
			</array>
			<key>buildRules</key>
			<array/>
			<key>dependencies</key>
			<array>
				<string>DE0933261818FE3000CF20E9</string>
			</array>
			<key>isa</key>
			<string>PBXNativeTarget</string>
			<key>name</key>
			<string>CocoaPodTestLogicTests</string>
			<key>productName</key>
			<string>CocoaPodTestLogicTests</string>
			<key>productReference</key>
			<string>DE0933191818FE3000CF20E9</string>
			<key>productType</key>
			<string>com.apple.product-type.bundle</string>
		</dict>
		<key>DE0933191818FE3000CF20E9</key>
		<dict>
			<key>explicitFileType</key>
			<string>wrapper.cfbundle</string>
			<key>includeInIndex</key>
			<string>0</string>
			<key>isa</key>
			<string>PBXFileReference</string>
			<key>path</key>
			<string>CocoaPodTestLogicTests.octest</string>
			<key>sourceTree</key>
			<string>BUILT_PRODUCTS_DIR</string>
		</dict>
		<key>DE09331A1818FE3000CF20E9</key>
		<dict>
			<key>isa</key>
			<string>PBXFileReference</string>
			<key>lastKnownFileType</key>
			<string>wrapper.framework</string>
			<key>name</key>
			<string>SenTestingKit.framework</string>
			<key>path</key>
			<string>Library/Frameworks/SenTestingKit.framework</string>
			<key>sourceTree</key>
			<string>DEVELOPER_DIR</string>
		</dict>
		<key>DE09331B1818FE3000CF20E9</key>
		<dict>
			<key>fileRef</key>
			<string>DE09331A1818FE3000CF20E9</string>
			<key>isa</key>
			<string>PBXBuildFile</string>
		</dict>
		<key>DE09331C1818FE3000CF20E9</key>
		<dict>
			<key>children</key>
			<array>
				<string>DE0933221818FE3000CF20E9</string>
				<string>DE09331D1818FE3000CF20E9</string>
			</array>
			<key>isa</key>
			<string>PBXGroup</string>
			<key>path</key>
			<string>CocoaPodTestLogicTests</string>
			<key>sourceTree</key>
			<string>&lt;group&gt;</string>
		</dict>
		<key>DE09331D1818FE3000CF20E9</key>
		<dict>
			<key>children</key>
			<array>
				<string>DE09331E1818FE3000CF20E9</string>
				<string>DE09331F1818FE3000CF20E9</string>
				<string>DE0933241818FE3000CF20E9</string>
			</array>
			<key>isa</key>
			<string>PBXGroup</string>
			<key>name</key>
			<string>Supporting Files</string>
			<key>sourceTree</key>
			<string>&lt;group&gt;</string>
		</dict>
		<key>DE09331E1818FE3000CF20E9</key>
		<dict>
			<key>isa</key>
			<string>PBXFileReference</string>
			<key>lastKnownFileType</key>
			<string>text.plist.xml</string>
			<key>path</key>
			<string>CocoaPodTestLogicTests-Info.plist</string>
			<key>sourceTree</key>
			<string>&lt;group&gt;</string>
		</dict>
		<key>DE09331F1818FE3000CF20E9</key>
		<dict>
			<key>children</key>
			<array>
				<string>DE0933201818FE3000CF20E9</string>
			</array>
			<key>isa</key>
			<string>PBXVariantGroup</string>
			<key>name</key>
			<string>InfoPlist.strings</string>
			<key>sourceTree</key>
			<string>&lt;group&gt;</string>
		</dict>
		<key>DE0933201818FE3000CF20E9</key>
		<dict>
			<key>isa</key>
			<string>PBXFileReference</string>
			<key>lastKnownFileType</key>
			<string>text.plist.strings</string>
			<key>name</key>
			<string>en</string>
			<key>path</key>
			<string>en.lproj/InfoPlist.strings</string>
			<key>sourceTree</key>
			<string>&lt;group&gt;</string>
		</dict>
		<key>DE0933211818FE3000CF20E9</key>
		<dict>
			<key>fileRef</key>
			<string>DE09331F1818FE3000CF20E9</string>
			<key>isa</key>
			<string>PBXBuildFile</string>
		</dict>
		<key>DE0933221818FE3000CF20E9</key>
		<dict>
			<key>isa</key>
			<string>PBXFileReference</string>
			<key>lastKnownFileType</key>
			<string>sourcecode.c.objc</string>
			<key>path</key>
			<string>CocoaPodTestLogicTests.m</string>
			<key>sourceTree</key>
			<string>&lt;group&gt;</string>
		</dict>
		<key>DE0933231818FE3000CF20E9</key>
		<dict>
			<key>fileRef</key>
			<string>DE0933221818FE3000CF20E9</string>
			<key>isa</key>
			<string>PBXBuildFile</string>
		</dict>
		<key>DE0933241818FE3000CF20E9</key>
		<dict>
			<key>isa</key>
			<string>PBXFileReference</string>
			<key>lastKnownFileType</key>
			<string>sourcecode.c.h</string>
			<key>path</key>
			<string>CocoaPodTestLogicTests-Prefix.pch</string>
			<key>sourceTree</key>
			<string>&lt;group&gt;</string>
		</dict>
		<key>DE0933251818FE3000CF20E9</key>
		<dict>
			<key>containerPortal</key>
			<string>DE0932D51818F98C00CF20E9</string>
			<key>isa</key>
			<string>PBXContainerItemProxy</string>
			<key>proxyType</key>
			<string>1</string>
			<key>remoteGlobalIDString</key>
			<string>DE0932DC1818F98C00CF20E9</string>
			<key>remoteInfo</key>
			<string>CocoaPodTest</string>
		</dict>
		<key>DE0933261818FE3000CF20E9</key>
		<dict>
			<key>isa</key>
			<string>PBXTargetDependency</string>
			<key>target</key>
			<string>DE0932DC1818F98C00CF20E9</string>
			<key>targetProxy</key>
			<string>DE0933251818FE3000CF20E9</string>
		</dict>
		<key>DE0933271818FE3000CF20E9</key>
		<dict>
			<key>baseConfigurationReference</key>
			<string>61C1FC4F74FE49889B5258DF</string>
			<key>buildSettings</key>
			<dict>
				<key>BUNDLE_LOADER</key>
				<string>$(BUILT_PRODUCTS_DIR)/CocoaPodTest.app/CocoaPodTest</string>
				<key>FRAMEWORK_SEARCH_PATHS</key>
				<array>
					<string>$(DEVELOPER_FRAMEWORKS_DIR)</string>
					<string>$(inherited)</string>
				</array>
				<key>GCC_ENABLE_OBJC_EXCEPTIONS</key>
				<string>YES</string>
				<key>GCC_PRECOMPILE_PREFIX_HEADER</key>
				<string>YES</string>
				<key>GCC_PREFIX_HEADER</key>
				<string>CocoaPodTestLogicTests/CocoaPodTestLogicTests-Prefix.pch</string>
				<key>GCC_PREPROCESSOR_DEFINITIONS</key>
				<array>
					<string>DEBUG=1</string>
					<string>$(inherited)</string>
				</array>
				<key>INFOPLIST_FILE</key>
				<string>CocoaPodTestLogicTests/CocoaPodTestLogicTests-Info.plist</string>
				<key>MACOSX_DEPLOYMENT_TARGET</key>
				<string>10.9</string>
				<key>PRODUCT_NAME</key>
				<string>$(TARGET_NAME)</string>
				<key>SDKROOT</key>
				<string>macosx</string>
				<key>TEST_HOST</key>
				<string>$(BUNDLE_LOADER)</string>
				<key>WRAPPER_EXTENSION</key>
				<string>octest</string>
			</dict>
			<key>isa</key>
			<string>XCBuildConfiguration</string>
			<key>name</key>
			<string>Debug</string>
		</dict>
		<key>DE0933281818FE3000CF20E9</key>
		<dict>
			<key>baseConfigurationReference</key>
			<string>61C1FC4F74FE49889B5258DF</string>
			<key>buildSettings</key>
			<dict>
				<key>BUNDLE_LOADER</key>
				<string>$(BUILT_PRODUCTS_DIR)/CocoaPodTest.app/CocoaPodTest</string>
				<key>DEBUG_INFORMATION_FORMAT</key>
				<string>dwarf-with-dsym</string>
				<key>FRAMEWORK_SEARCH_PATHS</key>
				<array>
					<string>$(DEVELOPER_FRAMEWORKS_DIR)</string>
					<string>$(inherited)</string>
				</array>
				<key>GCC_ENABLE_OBJC_EXCEPTIONS</key>
				<string>YES</string>
				<key>GCC_PRECOMPILE_PREFIX_HEADER</key>
				<string>YES</string>
				<key>GCC_PREFIX_HEADER</key>
				<string>CocoaPodTestLogicTests/CocoaPodTestLogicTests-Prefix.pch</string>
				<key>INFOPLIST_FILE</key>
				<string>CocoaPodTestLogicTests/CocoaPodTestLogicTests-Info.plist</string>
				<key>MACOSX_DEPLOYMENT_TARGET</key>
				<string>10.9</string>
				<key>PRODUCT_NAME</key>
				<string>$(TARGET_NAME)</string>
				<key>SDKROOT</key>
				<string>macosx</string>
				<key>TEST_HOST</key>
				<string>$(BUNDLE_LOADER)</string>
				<key>WRAPPER_EXTENSION</key>
				<string>octest</string>
			</dict>
			<key>isa</key>
			<string>XCBuildConfiguration</string>
			<key>name</key>
			<string>Release</string>
		</dict>
		<key>DE0933291818FE3000CF20E9</key>
		<dict>
			<key>buildConfigurations</key>
			<array>
				<string>DE0933271818FE3000CF20E9</string>
				<string>DE0933281818FE3000CF20E9</string>
			</array>
			<key>defaultConfigurationIsVisible</key>
			<string>0</string>
			<key>isa</key>
			<string>XCConfigurationList</string>
		</dict>
		<key>F7FAFEA21B3241CAA53942DE</key>
		<dict>
			<key>explicitFileType</key>
			<string>archive.ar</string>
			<key>includeInIndex</key>
			<string>0</string>
			<key>isa</key>
			<string>PBXFileReference</string>
			<key>path</key>
			<string>libPods-CocoaPodTestLogicTests.a</string>
			<key>sourceTree</key>
			<string>BUILT_PRODUCTS_DIR</string>
		</dict>
	</dict>
	<key>rootObject</key>
	<string>DE0932D51818F98C00CF20E9</string>
</dict>
</plist>
